// !$*UTF8*$!
{
	archiveVersion = 1;
	classes = {
	};
	objectVersion = 48;
	objects = {

/* Begin PBXBuildFile section */
		4A9D2C021F776B3800D05815 /* MaterialView.swift in Sources */ = {isa = PBXBuildFile; fileRef = 4A9D2C011F776B3800D05815 /* MaterialView.swift */; };
		4A9D2C051F7822FA00D05815 /* ItemCell.swift in Sources */ = {isa = PBXBuildFile; fileRef = 4A9D2C041F7822FA00D05815 /* ItemCell.swift */; };
		4ABA4CA91F773DE2008801B1 /* AppDelegate.swift in Sources */ = {isa = PBXBuildFile; fileRef = 4ABA4CA81F773DE2008801B1 /* AppDelegate.swift */; };
		4ABA4CAB1F773DE2008801B1 /* MainVC.swift in Sources */ = {isa = PBXBuildFile; fileRef = 4ABA4CAA1F773DE2008801B1 /* MainVC.swift */; };
		4ABA4CAE1F773DE2008801B1 /* Main.storyboard in Resources */ = {isa = PBXBuildFile; fileRef = 4ABA4CAC1F773DE2008801B1 /* Main.storyboard */; };
		4ABA4CB11F773DE2008801B1 /* DreamLister.xcdatamodeld in Sources */ = {isa = PBXBuildFile; fileRef = 4ABA4CAF1F773DE2008801B1 /* DreamLister.xcdatamodeld */; };
		4ABA4CB31F773DE2008801B1 /* Assets.xcassets in Resources */ = {isa = PBXBuildFile; fileRef = 4ABA4CB21F773DE2008801B1 /* Assets.xcassets */; };
		4ABA4CB61F773DE2008801B1 /* LaunchScreen.storyboard in Resources */ = {isa = PBXBuildFile; fileRef = 4ABA4CB41F773DE2008801B1 /* LaunchScreen.storyboard */; };
		4ABA4CE71F77624B008801B1 /* Image+CoreDataClass.swift in Sources */ = {isa = PBXBuildFile; fileRef = 4ABA4CDF1F77624B008801B1 /* Image+CoreDataClass.swift */; };
		4ABA4CE81F77624B008801B1 /* Image+CoreDataProperties.swift in Sources */ = {isa = PBXBuildFile; fileRef = 4ABA4CE01F77624B008801B1 /* Image+CoreDataProperties.swift */; };
		4ABA4CE91F77624B008801B1 /* Store+CoreDataClass.swift in Sources */ = {isa = PBXBuildFile; fileRef = 4ABA4CE11F77624B008801B1 /* Store+CoreDataClass.swift */; };
		4ABA4CEA1F77624B008801B1 /* Store+CoreDataProperties.swift in Sources */ = {isa = PBXBuildFile; fileRef = 4ABA4CE21F77624B008801B1 /* Store+CoreDataProperties.swift */; };
		4ABA4CEB1F77624B008801B1 /* Item+CoreDataClass.swift in Sources */ = {isa = PBXBuildFile; fileRef = 4ABA4CE31F77624B008801B1 /* Item+CoreDataClass.swift */; };
		4ABA4CEC1F77624B008801B1 /* Item+CoreDataProperties.swift in Sources */ = {isa = PBXBuildFile; fileRef = 4ABA4CE41F77624B008801B1 /* Item+CoreDataProperties.swift */; };
		4ABA4CED1F77624B008801B1 /* ItemType+CoreDataClass.swift in Sources */ = {isa = PBXBuildFile; fileRef = 4ABA4CE51F77624B008801B1 /* ItemType+CoreDataClass.swift */; };
		4ABA4CEE1F77624B008801B1 /* ItemType+CoreDataProperties.swift in Sources */ = {isa = PBXBuildFile; fileRef = 4ABA4CE61F77624B008801B1 /* ItemType+CoreDataProperties.swift */; };
/* End PBXBuildFile section */

/* Begin PBXFileReference section */
		4A9D2C011F776B3800D05815 /* MaterialView.swift */ = {isa = PBXFileReference; lastKnownFileType = sourcecode.swift; path = MaterialView.swift; sourceTree = "<group>"; };
		4A9D2C031F78224C00D05815 /* 1.jpg */ = {isa = PBXFileReference; lastKnownFileType = image.jpeg; path = 1.jpg; sourceTree = "<group>"; };
		4A9D2C041F7822FA00D05815 /* ItemCell.swift */ = {isa = PBXFileReference; lastKnownFileType = sourcecode.swift; path = ItemCell.swift; sourceTree = "<group>"; };
		4ABA4CA51F773DE2008801B1 /* DreamLister.app */ = {isa = PBXFileReference; explicitFileType = wrapper.application; includeInIndex = 0; path = DreamLister.app; sourceTree = BUILT_PRODUCTS_DIR; };
		4ABA4CA81F773DE2008801B1 /* AppDelegate.swift */ = {isa = PBXFileReference; lastKnownFileType = sourcecode.swift; path = AppDelegate.swift; sourceTree = "<group>"; };
		4ABA4CAA1F773DE2008801B1 /* MainVC.swift */ = {isa = PBXFileReference; lastKnownFileType = sourcecode.swift; path = MainVC.swift; sourceTree = "<group>"; };
		4ABA4CAD1F773DE2008801B1 /* Base */ = {isa = PBXFileReference; lastKnownFileType = file.storyboard; name = Base; path = Base.lproj/Main.storyboard; sourceTree = "<group>"; };
		4ABA4CB01F773DE2008801B1 /* DreamLister.xcdatamodel */ = {isa = PBXFileReference; lastKnownFileType = wrapper.xcdatamodel; path = DreamLister.xcdatamodel; sourceTree = "<group>"; };
		4ABA4CB21F773DE2008801B1 /* Assets.xcassets */ = {isa = PBXFileReference; lastKnownFileType = folder.assetcatalog; path = Assets.xcassets; sourceTree = "<group>"; };
		4ABA4CB51F773DE2008801B1 /* Base */ = {isa = PBXFileReference; lastKnownFileType = file.storyboard; name = Base; path = Base.lproj/LaunchScreen.storyboard; sourceTree = "<group>"; };
		4ABA4CB71F773DE2008801B1 /* Info.plist */ = {isa = PBXFileReference; lastKnownFileType = text.plist.xml; path = Info.plist; sourceTree = "<group>"; };
		4ABA4CDF1F77624B008801B1 /* Image+CoreDataClass.swift */ = {isa = PBXFileReference; lastKnownFileType = sourcecode.swift; path = "Image+CoreDataClass.swift"; sourceTree = "<group>"; };
		4ABA4CE01F77624B008801B1 /* Image+CoreDataProperties.swift */ = {isa = PBXFileReference; lastKnownFileType = sourcecode.swift; path = "Image+CoreDataProperties.swift"; sourceTree = "<group>"; };
		4ABA4CE11F77624B008801B1 /* Store+CoreDataClass.swift */ = {isa = PBXFileReference; lastKnownFileType = sourcecode.swift; path = "Store+CoreDataClass.swift"; sourceTree = "<group>"; };
		4ABA4CE21F77624B008801B1 /* Store+CoreDataProperties.swift */ = {isa = PBXFileReference; lastKnownFileType = sourcecode.swift; path = "Store+CoreDataProperties.swift"; sourceTree = "<group>"; };
		4ABA4CE31F77624B008801B1 /* Item+CoreDataClass.swift */ = {isa = PBXFileReference; lastKnownFileType = sourcecode.swift; path = "Item+CoreDataClass.swift"; sourceTree = "<group>"; };
		4ABA4CE41F77624B008801B1 /* Item+CoreDataProperties.swift */ = {isa = PBXFileReference; lastKnownFileType = sourcecode.swift; path = "Item+CoreDataProperties.swift"; sourceTree = "<group>"; };
		4ABA4CE51F77624B008801B1 /* ItemType+CoreDataClass.swift */ = {isa = PBXFileReference; lastKnownFileType = sourcecode.swift; path = "ItemType+CoreDataClass.swift"; sourceTree = "<group>"; };
		4ABA4CE61F77624B008801B1 /* ItemType+CoreDataProperties.swift */ = {isa = PBXFileReference; lastKnownFileType = sourcecode.swift; path = "ItemType+CoreDataProperties.swift"; sourceTree = "<group>"; };
/* End PBXFileReference section */

/* Begin PBXFrameworksBuildPhase section */
		4ABA4CA21F773DE2008801B1 /* Frameworks */ = {
			isa = PBXFrameworksBuildPhase;
			buildActionMask = 2147483647;
			files = (
			);
			runOnlyForDeploymentPostprocessing = 0;
		};
/* End PBXFrameworksBuildPhase section */

/* Begin PBXGroup section */
		4A9D2C001F776B0F00D05815 /* View */ = {
			isa = PBXGroup;
			children = (
				4A9D2C011F776B3800D05815 /* MaterialView.swift */,
				4A9D2C041F7822FA00D05815 /* ItemCell.swift */,
			);
			path = View;
			sourceTree = "<group>";
		};
		4ABA4C9C1F773DE2008801B1 = {
			isa = PBXGroup;
			children = (
				4ABA4CA71F773DE2008801B1 /* DreamLister */,
				4ABA4CA61F773DE2008801B1 /* Products */,
			);
			sourceTree = "<group>";
		};
		4ABA4CA61F773DE2008801B1 /* Products */ = {
			isa = PBXGroup;
			children = (
				4ABA4CA51F773DE2008801B1 /* DreamLister.app */,
			);
			name = Products;
			sourceTree = "<group>";
		};
		4ABA4CA71F773DE2008801B1 /* DreamLister */ = {
			isa = PBXGroup;
			children = (
				4ABA4CAC1F773DE2008801B1 /* Main.storyboard */,
				4ABA4CAA1F773DE2008801B1 /* MainVC.swift */,
				4A9D2C001F776B0F00D05815 /* View */,
				4ABA4CCD1F7760A4008801B1 /* Model */,
				4ABA4CA81F773DE2008801B1 /* AppDelegate.swift */,
				4A9D2C031F78224C00D05815 /* 1.jpg */,
				4ABA4CB21F773DE2008801B1 /* Assets.xcassets */,
				4ABA4CB41F773DE2008801B1 /* LaunchScreen.storyboard */,
				4ABA4CB71F773DE2008801B1 /* Info.plist */,
				4ABA4CAF1F773DE2008801B1 /* DreamLister.xcdatamodeld */,
			);
			path = DreamLister;
			sourceTree = "<group>";
		};
		4ABA4CCD1F7760A4008801B1 /* Model */ = {
			isa = PBXGroup;
			children = (
				4ABA4CDF1F77624B008801B1 /* Image+CoreDataClass.swift */,
				4ABA4CE11F77624B008801B1 /* Store+CoreDataClass.swift */,
				4ABA4CE31F77624B008801B1 /* Item+CoreDataClass.swift */,
				4ABA4CE51F77624B008801B1 /* ItemType+CoreDataClass.swift */,
				4ABA4CCE1F776103008801B1 /* Generated */,
			);
			path = Model;
			sourceTree = "<group>";
		};
		4ABA4CCE1F776103008801B1 /* Generated */ = {
			isa = PBXGroup;
			children = (
				4ABA4CE01F77624B008801B1 /* Image+CoreDataProperties.swift */,
				4ABA4CE21F77624B008801B1 /* Store+CoreDataProperties.swift */,
				4ABA4CE41F77624B008801B1 /* Item+CoreDataProperties.swift */,
				4ABA4CE61F77624B008801B1 /* ItemType+CoreDataProperties.swift */,
			);
			path = Generated;
			sourceTree = "<group>";
		};
/* End PBXGroup section */

/* Begin PBXNativeTarget section */
		4ABA4CA41F773DE2008801B1 /* DreamLister */ = {
			isa = PBXNativeTarget;
			buildConfigurationList = 4ABA4CBA1F773DE2008801B1 /* Build configuration list for PBXNativeTarget "DreamLister" */;
			buildPhases = (
				4ABA4CA11F773DE2008801B1 /* Sources */,
				4ABA4CA21F773DE2008801B1 /* Frameworks */,
				4ABA4CA31F773DE2008801B1 /* Resources */,
			);
			buildRules = (
			);
			dependencies = (
			);
			name = DreamLister;
			productName = DreamLister;
			productReference = 4ABA4CA51F773DE2008801B1 /* DreamLister.app */;
			productType = "com.apple.product-type.application";
		};
/* End PBXNativeTarget section */

/* Begin PBXProject section */
		4ABA4C9D1F773DE2008801B1 /* Project object */ = {
			isa = PBXProject;
			attributes = {
				LastSwiftUpdateCheck = 0900;
				LastUpgradeCheck = 0900;
				ORGANIZATIONNAME = "Fei Liang";
				TargetAttributes = {
					4ABA4CA41F773DE2008801B1 = {
						CreatedOnToolsVersion = 9.0;
						ProvisioningStyle = Automatic;
					};
				};
			};
			buildConfigurationList = 4ABA4CA01F773DE2008801B1 /* Build configuration list for PBXProject "DreamLister" */;
			compatibilityVersion = "Xcode 8.0";
			developmentRegion = en;
			hasScannedForEncodings = 0;
			knownRegions = (
				en,
				Base,
			);
			mainGroup = 4ABA4C9C1F773DE2008801B1;
			productRefGroup = 4ABA4CA61F773DE2008801B1 /* Products */;
			projectDirPath = "";
			projectRoot = "";
			targets = (
				4ABA4CA41F773DE2008801B1 /* DreamLister */,
			);
		};
/* End PBXProject section */

/* Begin PBXResourcesBuildPhase section */
		4ABA4CA31F773DE2008801B1 /* Resources */ = {
			isa = PBXResourcesBuildPhase;
			buildActionMask = 2147483647;
			files = (
				4ABA4CB61F773DE2008801B1 /* LaunchScreen.storyboard in Resources */,
				4ABA4CB31F773DE2008801B1 /* Assets.xcassets in Resources */,
				4ABA4CAE1F773DE2008801B1 /* Main.storyboard in Resources */,
			);
			runOnlyForDeploymentPostprocessing = 0;
		};
/* End PBXResourcesBuildPhase section */

/* Begin PBXSourcesBuildPhase section */
		4ABA4CA11F773DE2008801B1 /* Sources */ = {
			isa = PBXSourcesBuildPhase;
			buildActionMask = 2147483647;
			files = (
				4A9D2C051F7822FA00D05815 /* ItemCell.swift in Sources */,
				4ABA4CAB1F773DE2008801B1 /* MainVC.swift in Sources */,
				4ABA4CE91F77624B008801B1 /* Store+CoreDataClass.swift in Sources */,
				4ABA4CED1F77624B008801B1 /* ItemType+CoreDataClass.swift in Sources */,
				4A9D2C021F776B3800D05815 /* MaterialView.swift in Sources */,
				4ABA4CE81F77624B008801B1 /* Image+CoreDataProperties.swift in Sources */,
				4ABA4CA91F773DE2008801B1 /* AppDelegate.swift in Sources */,
				4ABA4CEA1F77624B008801B1 /* Store+CoreDataProperties.swift in Sources */,
				4ABA4CB11F773DE2008801B1 /* DreamLister.xcdatamodeld in Sources */,
				4ABA4CEE1F77624B008801B1 /* ItemType+CoreDataProperties.swift in Sources */,
				4ABA4CEC1F77624B008801B1 /* Item+CoreDataProperties.swift in Sources */,
				4ABA4CEB1F77624B008801B1 /* Item+CoreDataClass.swift in Sources */,
				4ABA4CE71F77624B008801B1 /* Image+CoreDataClass.swift in Sources */,
			);
			runOnlyForDeploymentPostprocessing = 0;
		};
/* End PBXSourcesBuildPhase section */

/* Begin PBXVariantGroup section */
		4ABA4CAC1F773DE2008801B1 /* Main.storyboard */ = {
			isa = PBXVariantGroup;
			children = (
				4ABA4CAD1F773DE2008801B1 /* Base */,
			);
			name = Main.storyboard;
			sourceTree = "<group>";
		};
		4ABA4CB41F773DE2008801B1 /* LaunchScreen.storyboard */ = {
			isa = PBXVariantGroup;
			children = (
				4ABA4CB51F773DE2008801B1 /* Base */,
			);
			name = LaunchScreen.storyboard;
			sourceTree = "<group>";
		};
/* End PBXVariantGroup section */

/* Begin XCBuildConfiguration section */
		4ABA4CB81F773DE2008801B1 /* Debug */ = {
			isa = XCBuildConfiguration;
			buildSettings = {
				ALWAYS_SEARCH_USER_PATHS = NO;
				CLANG_ANALYZER_NONNULL = YES;
				CLANG_ANALYZER_NUMBER_OBJECT_CONVERSION = YES_AGGRESSIVE;
				CLANG_CXX_LANGUAGE_STANDARD = "gnu++14";
				CLANG_CXX_LIBRARY = "libc++";
				CLANG_ENABLE_MODULES = YES;
				CLANG_ENABLE_OBJC_ARC = YES;
				CLANG_WARN_BLOCK_CAPTURE_AUTORELEASING = YES;
				CLANG_WARN_BOOL_CONVERSION = YES;
				CLANG_WARN_COMMA = YES;
				CLANG_WARN_CONSTANT_CONVERSION = YES;
				CLANG_WARN_DIRECT_OBJC_ISA_USAGE = YES_ERROR;
				CLANG_WARN_DOCUMENTATION_COMMENTS = YES;
				CLANG_WARN_EMPTY_BODY = YES;
				CLANG_WARN_ENUM_CONVERSION = YES;
				CLANG_WARN_INFINITE_RECURSION = YES;
				CLANG_WARN_INT_CONVERSION = YES;
				CLANG_WARN_NON_LITERAL_NULL_CONVERSION = YES;
				CLANG_WARN_OBJC_LITERAL_CONVERSION = YES;
				CLANG_WARN_OBJC_ROOT_CLASS = YES_ERROR;
				CLANG_WARN_RANGE_LOOP_ANALYSIS = YES;
				CLANG_WARN_STRICT_PROTOTYPES = YES;
				CLANG_WARN_SUSPICIOUS_MOVE = YES;
				CLANG_WARN_UNGUARDED_AVAILABILITY = YES_AGGRESSIVE;
				CLANG_WARN_UNREACHABLE_CODE = YES;
				CLANG_WARN__DUPLICATE_METHOD_MATCH = YES;
				CODE_SIGN_IDENTITY = "iPhone Developer";
				COPY_PHASE_STRIP = NO;
				DEBUG_INFORMATION_FORMAT = dwarf;
				ENABLE_STRICT_OBJC_MSGSEND = YES;
				ENABLE_TESTABILITY = YES;
				GCC_C_LANGUAGE_STANDARD = gnu11;
				GCC_DYNAMIC_NO_PIC = NO;
				GCC_NO_COMMON_BLOCKS = YES;
				GCC_OPTIMIZATION_LEVEL = 0;
				GCC_PREPROCESSOR_DEFINITIONS = (
					"DEBUG=1",
					"$(inherited)",
				);
				GCC_WARN_64_TO_32_BIT_CONVERSION = YES;
				GCC_WARN_ABOUT_RETURN_TYPE = YES_ERROR;
				GCC_WARN_UNDECLARED_SELECTOR = YES;
				GCC_WARN_UNINITIALIZED_AUTOS = YES_AGGRESSIVE;
				GCC_WARN_UNUSED_FUNCTION = YES;
				GCC_WARN_UNUSED_VARIABLE = YES;
				IPHONEOS_DEPLOYMENT_TARGET = 11.0;
				MTL_ENABLE_DEBUG_INFO = YES;
				ONLY_ACTIVE_ARCH = YES;
				SDKROOT = iphoneos;
				SWIFT_ACTIVE_COMPILATION_CONDITIONS = DEBUG;
				SWIFT_OPTIMIZATION_LEVEL = "-Onone";
			};
			name = Debug;
		};
		4ABA4CB91F773DE2008801B1 /* Release */ = {
			isa = XCBuildConfiguration;
			buildSettings = {
				ALWAYS_SEARCH_USER_PATHS = NO;
				CLANG_ANALYZER_NONNULL = YES;
				CLANG_ANALYZER_NUMBER_OBJECT_CONVERSION = YES_AGGRESSIVE;
				CLANG_CXX_LANGUAGE_STANDARD = "gnu++14";
				CLANG_CXX_LIBRARY = "libc++";
				CLANG_ENABLE_MODULES = YES;
				CLANG_ENABLE_OBJC_ARC = YES;
				CLANG_WARN_BLOCK_CAPTURE_AUTORELEASING = YES;
				CLANG_WARN_BOOL_CONVERSION = YES;
				CLANG_WARN_COMMA = YES;
				CLANG_WARN_CONSTANT_CONVERSION = YES;
				CLANG_WARN_DIRECT_OBJC_ISA_USAGE = YES_ERROR;
				CLANG_WARN_DOCUMENTATION_COMMENTS = YES;
				CLANG_WARN_EMPTY_BODY = YES;
				CLANG_WARN_ENUM_CONVERSION = YES;
				CLANG_WARN_INFINITE_RECURSION = YES;
				CLANG_WARN_INT_CONVERSION = YES;
				CLANG_WARN_NON_LITERAL_NULL_CONVERSION = YES;
				CLANG_WARN_OBJC_LITERAL_CONVERSION = YES;
				CLANG_WARN_OBJC_ROOT_CLASS = YES_ERROR;
				CLANG_WARN_RANGE_LOOP_ANALYSIS = YES;
				CLANG_WARN_STRICT_PROTOTYPES = YES;
				CLANG_WARN_SUSPICIOUS_MOVE = YES;
				CLANG_WARN_UNGUARDED_AVAILABILITY = YES_AGGRESSIVE;
				CLANG_WARN_UNREACHABLE_CODE = YES;
				CLANG_WARN__DUPLICATE_METHOD_MATCH = YES;
				CODE_SIGN_IDENTITY = "iPhone Developer";
				COPY_PHASE_STRIP = NO;
				DEBUG_INFORMATION_FORMAT = "dwarf-with-dsym";
				ENABLE_NS_ASSERTIONS = NO;
				ENABLE_STRICT_OBJC_MSGSEND = YES;
				GCC_C_LANGUAGE_STANDARD = gnu11;
				GCC_NO_COMMON_BLOCKS = YES;
				GCC_WARN_64_TO_32_BIT_CONVERSION = YES;
				GCC_WARN_ABOUT_RETURN_TYPE = YES_ERROR;
				GCC_WARN_UNDECLARED_SELECTOR = YES;
				GCC_WARN_UNINITIALIZED_AUTOS = YES_AGGRESSIVE;
				GCC_WARN_UNUSED_FUNCTION = YES;
				GCC_WARN_UNUSED_VARIABLE = YES;
				IPHONEOS_DEPLOYMENT_TARGET = 11.0;
				MTL_ENABLE_DEBUG_INFO = NO;
				SDKROOT = iphoneos;
				SWIFT_OPTIMIZATION_LEVEL = "-Owholemodule";
				VALIDATE_PRODUCT = YES;
			};
			name = Release;
		};
		4ABA4CBB1F773DE2008801B1 /* Debug */ = {
			isa = XCBuildConfiguration;
			buildSettings = {
				ASSETCATALOG_COMPILER_APPICON_NAME = AppIcon;
				CODE_SIGN_STYLE = Automatic;
				DEVELOPMENT_TEAM = 7W772C3745;
				INFOPLIST_FILE = DreamLister/Info.plist;
				LD_RUNPATH_SEARCH_PATHS = "$(inherited) @executable_path/Frameworks";
				PRODUCT_BUNDLE_IDENTIFIER = "Fei-Liang.DreamLister";
				PRODUCT_NAME = "$(TARGET_NAME)";
				SWIFT_VERSION = 4.0;
				TARGETED_DEVICE_FAMILY = "1,2";
			};
			name = Debug;
		};
		4ABA4CBC1F773DE2008801B1 /* Release */ = {
			isa = XCBuildConfiguration;
			buildSettings = {
				ASSETCATALOG_COMPILER_APPICON_NAME = AppIcon;
				CODE_SIGN_STYLE = Automatic;
				DEVELOPMENT_TEAM = 7W772C3745;
				INFOPLIST_FILE = DreamLister/Info.plist;
				LD_RUNPATH_SEARCH_PATHS = "$(inherited) @executable_path/Frameworks";
				PRODUCT_BUNDLE_IDENTIFIER = "Fei-Liang.DreamLister";
				PRODUCT_NAME = "$(TARGET_NAME)";
				SWIFT_VERSION = 4.0;
				TARGETED_DEVICE_FAMILY = "1,2";
			};
			name = Release;
		};
/* End XCBuildConfiguration section */

/* Begin XCConfigurationList section */
		4ABA4CA01F773DE2008801B1 /* Build configuration list for PBXProject "DreamLister" */ = {
			isa = XCConfigurationList;
			buildConfigurations = (
				4ABA4CB81F773DE2008801B1 /* Debug */,
				4ABA4CB91F773DE2008801B1 /* Release */,
			);
			defaultConfigurationIsVisible = 0;
			defaultConfigurationName = Release;
		};
		4ABA4CBA1F773DE2008801B1 /* Build configuration list for PBXNativeTarget "DreamLister" */ = {
			isa = XCConfigurationList;
			buildConfigurations = (
				4ABA4CBB1F773DE2008801B1 /* Debug */,
				4ABA4CBC1F773DE2008801B1 /* Release */,
			);
			defaultConfigurationIsVisible = 0;
			defaultConfigurationName = Release;
		};
/* End XCConfigurationList section */

/* Begin XCVersionGroup section */
		4ABA4CAF1F773DE2008801B1 /* DreamLister.xcdatamodeld */ = {
			isa = XCVersionGroup;
			children = (
				4ABA4CB01F773DE2008801B1 /* DreamLister.xcdatamodel */,
			);
			currentVersion = 4ABA4CB01F773DE2008801B1 /* DreamLister.xcdatamodel */;
			path = DreamLister.xcdatamodeld;
			sourceTree = "<group>";
			versionGroupType = wrapper.xcdatamodel;
		};
/* End XCVersionGroup section */
	};
	rootObject = 4ABA4C9D1F773DE2008801B1 /* Project object */;
}
